
Microsoft Visual Studio Solution File, Format Version 12.00
# Visual Studio Version 16
VisualStudioVersion = 16.0.31624.102
MinimumVisualStudioVersion = 10.0.40219.1
Project("{9A19103F-16F7-4668-BE54-9A1E7A4F7556}") = "ChessAI", "ChessAI\ChessAI.csproj", "{D75AC44F-AC92-418E-8B9B-6911AE1FE830}"
EndProject
Project("{9A19103F-16F7-4668-BE54-9A1E7A4F7556}") = "UnitTests", "UnitTests\UnitTests.csproj", "{0AB26848-CC9A-4CB1-AA2D-439A45A2DE66}"
EndProject
Project("{9A19103F-16F7-4668-BE54-9A1E7A4F7556}") = "ChessBenchMarks", "ChessBenchMarks\ChessBenchMarks.csproj", "{3E43ADE7-9DE7-4D19-BA25-890FD9A41D0D}"
EndProject
Global
	GlobalSection(SolutionConfigurationPlatforms) = preSolution
		Debug|Any CPU = Debug|Any CPU
		Release|Any CPU = Release|Any CPU
	EndGlobalSection
	GlobalSection(ProjectConfigurationPlatforms) = postSolution
		{D75AC44F-AC92-418E-8B9B-6911AE1FE830}.Debug|Any CPU.ActiveCfg = Release|Any CPU
		{D75AC44F-AC92-418E-8B9B-6911AE1FE830}.Debug|Any CPU.Build.0 = Release|Any CPU
		{D75AC44F-AC92-418E-8B9B-6911AE1FE830}.Release|Any CPU.ActiveCfg = Release|Any CPU
		{D75AC44F-AC92-418E-8B9B-6911AE1FE830}.Release|Any CPU.Build.0 = Release|Any CPU
		{0AB26848-CC9A-4CB1-AA2D-439A45A2DE66}.Debug|Any CPU.ActiveCfg = Debug|Any CPU
		{0AB26848-CC9A-4CB1-AA2D-439A45A2DE66}.Debug|Any CPU.Build.0 = Debug|Any CPU
		{0AB26848-CC9A-4CB1-AA2D-439A45A2DE66}.Release|Any CPU.ActiveCfg = Release|Any CPU
		{0AB26848-CC9A-4CB1-AA2D-439A45A2DE66}.Release|Any CPU.Build.0 = Release|Any CPU
		{3E43ADE7-9DE7-4D19-BA25-890FD9A41D0D}.Debug|Any CPU.ActiveCfg = Debug|Any CPU
		{3E43ADE7-9DE7-4D19-BA25-890FD9A41D0D}.Debug|Any CPU.Build.0 = Debug|Any CPU
		{3E43ADE7-9DE7-4D19-BA25-890FD9A41D0D}.Release|Any CPU.ActiveCfg = Release|Any CPU
		{3E43ADE7-9DE7-4D19-BA25-890FD9A41D0D}.Release|Any CPU.Build.0 = Release|Any CPU
	EndGlobalSection
	GlobalSection(SolutionProperties) = preSolution
		HideSolutionNode = FALSE
	EndGlobalSection
	GlobalSection(ExtensibilityGlobals) = postSolution
		SolutionGuid = {E21407D0-7FE6-4A76-B6BF-43B9D634B447}
	EndGlobalSection
EndGlobal
